
Microsoft Visual Studio Solution File, Format Version 12.00
# Visual Studio Version 16
VisualStudioVersion = 16.0.29102.190
MinimumVisualStudioVersion = 10.0.40219.1
Project("{FAE04EC0-301F-11D3-BF4B-00C04F79EFBC}") = "SimpleRecorder", "SimpleRecorder\SimpleRecorder.csproj", "{A4DA91F9-BC00-4E78-B1A2-C79A154C6A82}"
EndProject
Project("{FAE04EC0-301F-11D3-BF4B-00C04F79EFBC}") = "SimpleRecorderUI", "SimpleRecorderUI\SimpleRecorderUI.csproj", "{BA0E287D-20BE-45FB-BDA9-91AE40037AD8}"
EndProject
Global
	GlobalSection(SolutionConfigurationPlatforms) = preSolution
		Debug|Any CPU = Debug|Any CPU
		Release|Any CPU = Release|Any CPU
	EndGlobalSection
	GlobalSection(ProjectConfigurationPlatforms) = postSolution
		{A4DA91F9-BC00-4E78-B1A2-C79A154C6A82}.Debug|Any CPU.ActiveCfg = Debug|Any CPU
		{A4DA91F9-BC00-4E78-B1A2-C79A154C6A82}.Debug|Any CPU.Build.0 = Debug|Any CPU
		{A4DA91F9-BC00-4E78-B1A2-C79A154C6A82}.Release|Any CPU.ActiveCfg = Release|Any CPU
		{A4DA91F9-BC00-4E78-B1A2-C79A154C6A82}.Release|Any CPU.Build.0 = Release|Any CPU
		{BA0E287D-20BE-45FB-BDA9-91AE40037AD8}.Debug|Any CPU.ActiveCfg = Debug|Any CPU
		{BA0E287D-20BE-45FB-BDA9-91AE40037AD8}.Debug|Any CPU.Build.0 = Debug|Any CPU
		{BA0E287D-20BE-45FB-BDA9-91AE40037AD8}.Release|Any CPU.ActiveCfg = Release|Any CPU
		{BA0E287D-20BE-45FB-BDA9-91AE40037AD8}.Release|Any CPU.Build.0 = Release|Any CPU
	EndGlobalSection
	GlobalSection(SolutionProperties) = preSolution
		HideSolutionNode = FALSE
	EndGlobalSection
	GlobalSection(ExtensibilityGlobals) = postSolution
		SolutionGuid = {C2F41463-5780-435F-BC66-702F6394BAD2}
	EndGlobalSection
EndGlobal
